
Microsoft Visual Studio Solution File, Format Version 12.00
# Visual Studio Version 16
VisualStudioVersion = 16.0.29806.167
MinimumVisualStudioVersion = 10.0.40219.1
Project("{FAE04EC0-301F-11D3-BF4B-00C04F79EFBC}") = "week05", "week05\week05.csproj", "{92306300-C28C-45C7-B45C-F5A7C45FA6A4}"
EndProject
Global
	GlobalSection(SolutionConfigurationPlatforms) = preSolution
		Debug|Any CPU = Debug|Any CPU
		Release|Any CPU = Release|Any CPU
	EndGlobalSection
	GlobalSection(ProjectConfigurationPlatforms) = postSolution
		{92306300-C28C-45C7-B45C-F5A7C45FA6A4}.Debug|Any CPU.ActiveCfg = Debug|Any CPU
		{92306300-C28C-45C7-B45C-F5A7C45FA6A4}.Debug|Any CPU.Build.0 = Debug|Any CPU
		{92306300-C28C-45C7-B45C-F5A7C45FA6A4}.Release|Any CPU.ActiveCfg = Release|Any CPU
		{92306300-C28C-45C7-B45C-F5A7C45FA6A4}.Release|Any CPU.Build.0 = Release|Any CPU
	EndGlobalSection
	GlobalSection(SolutionProperties) = preSolution
		HideSolutionNode = FALSE
	EndGlobalSection
	GlobalSection(ExtensibilityGlobals) = postSolution
		SolutionGuid = {5E74F85C-11DC-4F89-9F16-BE9EE94CC413}
	EndGlobalSection
EndGlobal
